
Microsoft Visual Studio Solution File, Format Version 12.00
# Visual Studio Version 17
VisualStudioVersion = 17.3.32922.545
MinimumVisualStudioVersion = 10.0.40219.1
Project("{FAE04EC0-301F-11D3-BF4B-00C04F79EFBC}") = "OneCoreTest2023", "OneCoreTest2023\OneCoreTest2023.csproj", "{962BF375-1F01-47F0-ADF7-C86D8A5D2049}"
EndProject
Global
	GlobalSection(SolutionConfigurationPlatforms) = preSolution
		Debug|Any CPU = Debug|Any CPU
		Release|Any CPU = Release|Any CPU
	EndGlobalSection
	GlobalSection(ProjectConfigurationPlatforms) = postSolution
		{962BF375-1F01-47F0-ADF7-C86D8A5D2049}.Debug|Any CPU.ActiveCfg = Debug|Any CPU
		{962BF375-1F01-47F0-ADF7-C86D8A5D2049}.Debug|Any CPU.Build.0 = Debug|Any CPU
		{962BF375-1F01-47F0-ADF7-C86D8A5D2049}.Release|Any CPU.ActiveCfg = Release|Any CPU
		{962BF375-1F01-47F0-ADF7-C86D8A5D2049}.Release|Any CPU.Build.0 = Release|Any CPU
	EndGlobalSection
	GlobalSection(SolutionProperties) = preSolution
		HideSolutionNode = FALSE
	EndGlobalSection
	GlobalSection(ExtensibilityGlobals) = postSolution
		SolutionGuid = {7681AEE0-82F0-45CA-8A32-0282C12265DC}
	EndGlobalSection
EndGlobal
